
Microsoft Visual Studio Solution File, Format Version 12.00
# Visual Studio Version 16
VisualStudioVersion = 16.0.29424.173
MinimumVisualStudioVersion = 10.0.40219.1
Project("{FAE04EC0-301F-11D3-BF4B-00C04F79EFBC}") = "DateTimePlay", "DateTimePlay\DateTimePlay.csproj", "{290DF267-7962-4102-91A4-6F3057BDB68F}"
EndProject
Global
	GlobalSection(SolutionConfigurationPlatforms) = preSolution
		Debug|Any CPU = Debug|Any CPU
		Release|Any CPU = Release|Any CPU
	EndGlobalSection
	GlobalSection(ProjectConfigurationPlatforms) = postSolution
		{290DF267-7962-4102-91A4-6F3057BDB68F}.Debug|Any CPU.ActiveCfg = Debug|Any CPU
		{290DF267-7962-4102-91A4-6F3057BDB68F}.Debug|Any CPU.Build.0 = Debug|Any CPU
		{290DF267-7962-4102-91A4-6F3057BDB68F}.Release|Any CPU.ActiveCfg = Release|Any CPU
		{290DF267-7962-4102-91A4-6F3057BDB68F}.Release|Any CPU.Build.0 = Release|Any CPU
	EndGlobalSection
	GlobalSection(SolutionProperties) = preSolution
		HideSolutionNode = FALSE
	EndGlobalSection
	GlobalSection(ExtensibilityGlobals) = postSolution
		SolutionGuid = {E320852C-903E-4B14-9521-6E954A88F432}
	EndGlobalSection
EndGlobal
